
Microsoft Visual Studio Solution File, Format Version 12.00
# Visual Studio Version 17
VisualStudioVersion = 17.1.32421.90
MinimumVisualStudioVersion = 10.0.40219.1
Project("{FAE04EC0-301F-11D3-BF4B-00C04F79EFBC}") = "HomeTask1", "HomeTask1\HomeTask1.csproj", "{AA0BC121-C8D9-4673-876C-F270214315A4}"
EndProject
Project("{FAE04EC0-301F-11D3-BF4B-00C04F79EFBC}") = "HomeTask2", "HomeTask2\HomeTask2.csproj", "{A6B252AA-CF98-4ED9-B9E9-F8128F65CC1F}"
EndProject
Global
	GlobalSection(SolutionConfigurationPlatforms) = preSolution
		Debug|Any CPU = Debug|Any CPU
		Release|Any CPU = Release|Any CPU
	EndGlobalSection
	GlobalSection(ProjectConfigurationPlatforms) = postSolution
		{AA0BC121-C8D9-4673-876C-F270214315A4}.Debug|Any CPU.ActiveCfg = Debug|Any CPU
		{AA0BC121-C8D9-4673-876C-F270214315A4}.Debug|Any CPU.Build.0 = Debug|Any CPU
		{AA0BC121-C8D9-4673-876C-F270214315A4}.Release|Any CPU.ActiveCfg = Release|Any CPU
		{AA0BC121-C8D9-4673-876C-F270214315A4}.Release|Any CPU.Build.0 = Release|Any CPU
		{A6B252AA-CF98-4ED9-B9E9-F8128F65CC1F}.Debug|Any CPU.ActiveCfg = Debug|Any CPU
		{A6B252AA-CF98-4ED9-B9E9-F8128F65CC1F}.Debug|Any CPU.Build.0 = Debug|Any CPU
		{A6B252AA-CF98-4ED9-B9E9-F8128F65CC1F}.Release|Any CPU.ActiveCfg = Release|Any CPU
		{A6B252AA-CF98-4ED9-B9E9-F8128F65CC1F}.Release|Any CPU.Build.0 = Release|Any CPU
	EndGlobalSection
	GlobalSection(SolutionProperties) = preSolution
		HideSolutionNode = FALSE
	EndGlobalSection
	GlobalSection(ExtensibilityGlobals) = postSolution
		SolutionGuid = {78FE9D19-78E9-45EB-9248-509190FCE8B7}
	EndGlobalSection
EndGlobal
