
Microsoft Visual Studio Solution File, Format Version 12.00
# Visual Studio Version 17
VisualStudioVersion = 17.1.32421.90
MinimumVisualStudioVersion = 10.0.40219.1
Project("{FAE04EC0-301F-11D3-BF4B-00C04F79EFBC}") = "HomeTask1", "HomeTask1\HomeTask1.csproj", "{89AEBE46-871E-4E48-A314-C47E6E59A2A4}"
EndProject
Project("{FAE04EC0-301F-11D3-BF4B-00C04F79EFBC}") = "HomeTask2.Service", "HomeTask2.Service\HomeTask2.Service.csproj", "{50A4E048-84E0-4C58-9D07-65261ECBF920}"
EndProject
Project("{FAE04EC0-301F-11D3-BF4B-00C04F79EFBC}") = "HomeTask2.WpfApp", "HomeTask2.WpfApp\HomeTask2.WpfApp.csproj", "{2C45E5E1-ACCC-4C7A-A836-EC0F3D2224E1}"
EndProject
Global
	GlobalSection(SolutionConfigurationPlatforms) = preSolution
		Debug|Any CPU = Debug|Any CPU
		Release|Any CPU = Release|Any CPU
	EndGlobalSection
	GlobalSection(ProjectConfigurationPlatforms) = postSolution
		{89AEBE46-871E-4E48-A314-C47E6E59A2A4}.Debug|Any CPU.ActiveCfg = Debug|Any CPU
		{89AEBE46-871E-4E48-A314-C47E6E59A2A4}.Debug|Any CPU.Build.0 = Debug|Any CPU
		{89AEBE46-871E-4E48-A314-C47E6E59A2A4}.Release|Any CPU.ActiveCfg = Release|Any CPU
		{89AEBE46-871E-4E48-A314-C47E6E59A2A4}.Release|Any CPU.Build.0 = Release|Any CPU
		{50A4E048-84E0-4C58-9D07-65261ECBF920}.Debug|Any CPU.ActiveCfg = Debug|Any CPU
		{50A4E048-84E0-4C58-9D07-65261ECBF920}.Debug|Any CPU.Build.0 = Debug|Any CPU
		{50A4E048-84E0-4C58-9D07-65261ECBF920}.Release|Any CPU.ActiveCfg = Release|Any CPU
		{50A4E048-84E0-4C58-9D07-65261ECBF920}.Release|Any CPU.Build.0 = Release|Any CPU
		{2C45E5E1-ACCC-4C7A-A836-EC0F3D2224E1}.Debug|Any CPU.ActiveCfg = Debug|Any CPU
		{2C45E5E1-ACCC-4C7A-A836-EC0F3D2224E1}.Debug|Any CPU.Build.0 = Debug|Any CPU
		{2C45E5E1-ACCC-4C7A-A836-EC0F3D2224E1}.Release|Any CPU.ActiveCfg = Release|Any CPU
		{2C45E5E1-ACCC-4C7A-A836-EC0F3D2224E1}.Release|Any CPU.Build.0 = Release|Any CPU
	EndGlobalSection
	GlobalSection(SolutionProperties) = preSolution
		HideSolutionNode = FALSE
	EndGlobalSection
	GlobalSection(ExtensibilityGlobals) = postSolution
		SolutionGuid = {0E65A295-0D43-4C91-BD80-99C0FC24D067}
	EndGlobalSection
EndGlobal
