
Microsoft Visual Studio Solution File, Format Version 12.00
# Visual Studio Version 17
VisualStudioVersion = 17.1.32421.90
MinimumVisualStudioVersion = 10.0.40219.1
Project("{FAE04EC0-301F-11D3-BF4B-00C04F79EFBC}") = "HomeTask1", "HomeTask1\HomeTask1.csproj", "{CC4FAC10-0C85-4A00-B1D7-A8C7C80F4ACD}"
EndProject
Global
	GlobalSection(SolutionConfigurationPlatforms) = preSolution
		Debug|Any CPU = Debug|Any CPU
		Release|Any CPU = Release|Any CPU
	EndGlobalSection
	GlobalSection(ProjectConfigurationPlatforms) = postSolution
		{CC4FAC10-0C85-4A00-B1D7-A8C7C80F4ACD}.Debug|Any CPU.ActiveCfg = Debug|Any CPU
		{CC4FAC10-0C85-4A00-B1D7-A8C7C80F4ACD}.Debug|Any CPU.Build.0 = Debug|Any CPU
		{CC4FAC10-0C85-4A00-B1D7-A8C7C80F4ACD}.Release|Any CPU.ActiveCfg = Release|Any CPU
		{CC4FAC10-0C85-4A00-B1D7-A8C7C80F4ACD}.Release|Any CPU.Build.0 = Release|Any CPU
	EndGlobalSection
	GlobalSection(SolutionProperties) = preSolution
		HideSolutionNode = FALSE
	EndGlobalSection
	GlobalSection(ExtensibilityGlobals) = postSolution
		SolutionGuid = {0E7D012A-91C0-44F0-A277-DD5B767D0A03}
	EndGlobalSection
EndGlobal
