
Microsoft Visual Studio Solution File, Format Version 12.00
# Visual Studio Version 17
VisualStudioVersion = 17.1.32421.90
MinimumVisualStudioVersion = 10.0.40219.1
Project("{FAE04EC0-301F-11D3-BF4B-00C04F79EFBC}") = "HomeTask1", "HomeTask1\HomeTask1.csproj", "{7D396500-68B4-4577-B32E-423D98618F7E}"
EndProject
Project("{FAE04EC0-301F-11D3-BF4B-00C04F79EFBC}") = "HomeTask2", "HomeTask2\HomeTask2.csproj", "{9E15BFC6-4279-435C-ADF2-C3D45C583BA1}"
EndProject
Global
	GlobalSection(SolutionConfigurationPlatforms) = preSolution
		Debug|Any CPU = Debug|Any CPU
		Release|Any CPU = Release|Any CPU
	EndGlobalSection
	GlobalSection(ProjectConfigurationPlatforms) = postSolution
		{7D396500-68B4-4577-B32E-423D98618F7E}.Debug|Any CPU.ActiveCfg = Debug|Any CPU
		{7D396500-68B4-4577-B32E-423D98618F7E}.Debug|Any CPU.Build.0 = Debug|Any CPU
		{7D396500-68B4-4577-B32E-423D98618F7E}.Release|Any CPU.ActiveCfg = Release|Any CPU
		{7D396500-68B4-4577-B32E-423D98618F7E}.Release|Any CPU.Build.0 = Release|Any CPU
		{9E15BFC6-4279-435C-ADF2-C3D45C583BA1}.Debug|Any CPU.ActiveCfg = Debug|Any CPU
		{9E15BFC6-4279-435C-ADF2-C3D45C583BA1}.Debug|Any CPU.Build.0 = Debug|Any CPU
		{9E15BFC6-4279-435C-ADF2-C3D45C583BA1}.Release|Any CPU.ActiveCfg = Release|Any CPU
		{9E15BFC6-4279-435C-ADF2-C3D45C583BA1}.Release|Any CPU.Build.0 = Release|Any CPU
	EndGlobalSection
	GlobalSection(SolutionProperties) = preSolution
		HideSolutionNode = FALSE
	EndGlobalSection
	GlobalSection(ExtensibilityGlobals) = postSolution
		SolutionGuid = {F7DDC9C3-E593-46BE-8FD0-F39CD616C1CB}
	EndGlobalSection
EndGlobal
