
Microsoft Visual Studio Solution File, Format Version 12.00
# Visual Studio Version 17
VisualStudioVersion = 17.1.32421.90
MinimumVisualStudioVersion = 10.0.40219.1
Project("{FAE04EC0-301F-11D3-BF4B-00C04F79EFBC}") = "HomeTask1", "HomeTask1\HomeTask1.csproj", "{47B93609-8943-4678-A506-EAAE95AA69DD}"
EndProject
Global
	GlobalSection(SolutionConfigurationPlatforms) = preSolution
		Debug|Any CPU = Debug|Any CPU
		Release|Any CPU = Release|Any CPU
	EndGlobalSection
	GlobalSection(ProjectConfigurationPlatforms) = postSolution
		{47B93609-8943-4678-A506-EAAE95AA69DD}.Debug|Any CPU.ActiveCfg = Debug|Any CPU
		{47B93609-8943-4678-A506-EAAE95AA69DD}.Debug|Any CPU.Build.0 = Debug|Any CPU
		{47B93609-8943-4678-A506-EAAE95AA69DD}.Release|Any CPU.ActiveCfg = Release|Any CPU
		{47B93609-8943-4678-A506-EAAE95AA69DD}.Release|Any CPU.Build.0 = Release|Any CPU
	EndGlobalSection
	GlobalSection(SolutionProperties) = preSolution
		HideSolutionNode = FALSE
	EndGlobalSection
	GlobalSection(ExtensibilityGlobals) = postSolution
		SolutionGuid = {03DE9358-8294-4AB1-9908-7E355AC064F0}
	EndGlobalSection
EndGlobal
