
Microsoft Visual Studio Solution File, Format Version 12.00
# Visual Studio Version 17
VisualStudioVersion = 17.1.32421.90
MinimumVisualStudioVersion = 10.0.40219.1
Project("{FAE04EC0-301F-11D3-BF4B-00C04F79EFBC}") = "HomeTask1", "HomeTask1\HomeTask1.csproj", "{98AFE308-FE8E-4FCA-9420-DD93BD8C749A}"
EndProject
Global
	GlobalSection(SolutionConfigurationPlatforms) = preSolution
		Debug|Any CPU = Debug|Any CPU
		Release|Any CPU = Release|Any CPU
	EndGlobalSection
	GlobalSection(ProjectConfigurationPlatforms) = postSolution
		{98AFE308-FE8E-4FCA-9420-DD93BD8C749A}.Debug|Any CPU.ActiveCfg = Debug|Any CPU
		{98AFE308-FE8E-4FCA-9420-DD93BD8C749A}.Debug|Any CPU.Build.0 = Debug|Any CPU
		{98AFE308-FE8E-4FCA-9420-DD93BD8C749A}.Release|Any CPU.ActiveCfg = Release|Any CPU
		{98AFE308-FE8E-4FCA-9420-DD93BD8C749A}.Release|Any CPU.Build.0 = Release|Any CPU
	EndGlobalSection
	GlobalSection(SolutionProperties) = preSolution
		HideSolutionNode = FALSE
	EndGlobalSection
	GlobalSection(ExtensibilityGlobals) = postSolution
		SolutionGuid = {2ABD7D6E-0C55-4648-959E-25D59B0980AC}
	EndGlobalSection
EndGlobal
