
Microsoft Visual Studio Solution File, Format Version 12.00
# Visual Studio Version 17
VisualStudioVersion = 17.1.32421.90
MinimumVisualStudioVersion = 10.0.40219.1
Project("{FAE04EC0-301F-11D3-BF4B-00C04F79EFBC}") = "HomeTask1", "HomeTask1\HomeTask1.csproj", "{C6B08140-0C02-4D7D-B1BD-32FA16E57114}"
EndProject
Project("{FAE04EC0-301F-11D3-BF4B-00C04F79EFBC}") = "HomeTask2", "HomeTask2\HomeTask2.csproj", "{3E65778B-6449-410E-9899-F3EEEF9629AA}"
EndProject
Global
	GlobalSection(SolutionConfigurationPlatforms) = preSolution
		Debug|Any CPU = Debug|Any CPU
		Release|Any CPU = Release|Any CPU
	EndGlobalSection
	GlobalSection(ProjectConfigurationPlatforms) = postSolution
		{C6B08140-0C02-4D7D-B1BD-32FA16E57114}.Debug|Any CPU.ActiveCfg = Debug|Any CPU
		{C6B08140-0C02-4D7D-B1BD-32FA16E57114}.Debug|Any CPU.Build.0 = Debug|Any CPU
		{C6B08140-0C02-4D7D-B1BD-32FA16E57114}.Release|Any CPU.ActiveCfg = Release|Any CPU
		{C6B08140-0C02-4D7D-B1BD-32FA16E57114}.Release|Any CPU.Build.0 = Release|Any CPU
		{3E65778B-6449-410E-9899-F3EEEF9629AA}.Debug|Any CPU.ActiveCfg = Debug|Any CPU
		{3E65778B-6449-410E-9899-F3EEEF9629AA}.Debug|Any CPU.Build.0 = Debug|Any CPU
		{3E65778B-6449-410E-9899-F3EEEF9629AA}.Release|Any CPU.ActiveCfg = Release|Any CPU
		{3E65778B-6449-410E-9899-F3EEEF9629AA}.Release|Any CPU.Build.0 = Release|Any CPU
	EndGlobalSection
	GlobalSection(SolutionProperties) = preSolution
		HideSolutionNode = FALSE
	EndGlobalSection
	GlobalSection(ExtensibilityGlobals) = postSolution
		SolutionGuid = {6CA12862-B7D5-45AC-B435-4CFA29ED30FB}
	EndGlobalSection
EndGlobal
